
Microsoft Visual Studio Solution File, Format Version 12.00
# Visual Studio Version 17
VisualStudioVersion = 17.8.34525.116
MinimumVisualStudioVersion = 10.0.40219.1
Project("{FAE04EC0-301F-11D3-BF4B-00C04F79EFBC}") = "client", "client.csproj", "{258F1531-4A61-4E0A-8233-B19BD241DD8C}"
EndProject
Global
	GlobalSection(SolutionConfigurationPlatforms) = preSolution
		Debug|Any CPU = Debug|Any CPU
		Release|Any CPU = Release|Any CPU
	EndGlobalSection
	GlobalSection(ProjectConfigurationPlatforms) = postSolution
		{258F1531-4A61-4E0A-8233-B19BD241DD8C}.Debug|Any CPU.ActiveCfg = Debug|Any CPU
		{258F1531-4A61-4E0A-8233-B19BD241DD8C}.Debug|Any CPU.Build.0 = Debug|Any CPU
		{258F1531-4A61-4E0A-8233-B19BD241DD8C}.Release|Any CPU.ActiveCfg = Release|Any CPU
		{258F1531-4A61-4E0A-8233-B19BD241DD8C}.Release|Any CPU.Build.0 = Release|Any CPU
	EndGlobalSection
	GlobalSection(SolutionProperties) = preSolution
		HideSolutionNode = FALSE
	EndGlobalSection
	GlobalSection(ExtensibilityGlobals) = postSolution
		SolutionGuid = {7795DD21-0B66-4914-AFE9-F68D6083B5AF}
	EndGlobalSection
EndGlobal
